// !$*UTF8*$!
{
	archiveVersion = 1;
	classes = {
	};
	objectVersion = 56;
	objects = {

/* Begin PBXBuildFile section */
		1B74E0922BC29D88004F5A52 /* AppDelegate.swift in Sources */ = {isa = PBXBuildFile; fileRef = 1B74E0912BC29D88004F5A52 /* AppDelegate.swift */; };
		1B74E0942BC29D88004F5A52 /* SceneDelegate.swift in Sources */ = {isa = PBXBuildFile; fileRef = 1B74E0932BC29D88004F5A52 /* SceneDelegate.swift */; };
		1B74E0962BC29D88004F5A52 /* MainViewController.swift in Sources */ = {isa = PBXBuildFile; fileRef = 1B74E0952BC29D88004F5A52 /* MainViewController.swift */; };
		1B74E09B2BC29D89004F5A52 /* Assets.xcassets in Resources */ = {isa = PBXBuildFile; fileRef = 1B74E09A2BC29D89004F5A52 /* Assets.xcassets */; };
		1B74E09E2BC29D89004F5A52 /* LaunchScreen.storyboard in Resources */ = {isa = PBXBuildFile; fileRef = 1B74E09C2BC29D89004F5A52 /* LaunchScreen.storyboard */; };
		1B74E0AE2BC29F5A004F5A52 /* SettingsViewController.swift in Sources */ = {isa = PBXBuildFile; fileRef = 1B74E0AD2BC29F5A004F5A52 /* SettingsViewController.swift */; };
		1B74E0B32BC2A0F9004F5A52 /* SnapKit in Frameworks */ = {isa = PBXBuildFile; productRef = 1B74E0B22BC2A0F9004F5A52 /* SnapKit */; };
		1B74E0BA2BC2A4E3004F5A52 /* SpeedcheckerReportSDK in Frameworks */ = {isa = PBXBuildFile; productRef = 1B74E0B92BC2A4E3004F5A52 /* SpeedcheckerReportSDK */; };
		1B74E0BC2BC2A4E3004F5A52 /* SpeedcheckerSDK in Frameworks */ = {isa = PBXBuildFile; productRef = 1B74E0BB2BC2A4E3004F5A52 /* SpeedcheckerSDK */; };
/* End PBXBuildFile section */

/* Begin PBXCopyFilesBuildPhase section */
		1B74E0B72BC2A122004F5A52 /* Embed Frameworks */ = {
			isa = PBXCopyFilesBuildPhase;
			buildActionMask = 2147483647;
			dstPath = "";
			dstSubfolderSpec = 10;
			files = (
			);
			name = "Embed Frameworks";
			runOnlyForDeploymentPostprocessing = 0;
		};
/* End PBXCopyFilesBuildPhase section */

/* Begin PBXFileReference section */
		1B74E08E2BC29D88004F5A52 /* InternetChecker.app */ = {isa = PBXFileReference; explicitFileType = wrapper.application; includeInIndex = 0; path = InternetChecker.app; sourceTree = BUILT_PRODUCTS_DIR; };
		1B74E0912BC29D88004F5A52 /* AppDelegate.swift */ = {isa = PBXFileReference; lastKnownFileType = sourcecode.swift; path = AppDelegate.swift; sourceTree = "<group>"; };
		1B74E0932BC29D88004F5A52 /* SceneDelegate.swift */ = {isa = PBXFileReference; lastKnownFileType = sourcecode.swift; path = SceneDelegate.swift; sourceTree = "<group>"; };
		1B74E0952BC29D88004F5A52 /* MainViewController.swift */ = {isa = PBXFileReference; lastKnownFileType = sourcecode.swift; path = MainViewController.swift; sourceTree = "<group>"; };
		1B74E09A2BC29D89004F5A52 /* Assets.xcassets */ = {isa = PBXFileReference; lastKnownFileType = folder.assetcatalog; path = Assets.xcassets; sourceTree = "<group>"; };
		1B74E09D2BC29D89004F5A52 /* Base */ = {isa = PBXFileReference; lastKnownFileType = file.storyboard; name = Base; path = Base.lproj/LaunchScreen.storyboard; sourceTree = "<group>"; };
		1B74E09F2BC29D89004F5A52 /* Info.plist */ = {isa = PBXFileReference; lastKnownFileType = text.plist.xml; path = Info.plist; sourceTree = "<group>"; };
		1B74E0AD2BC29F5A004F5A52 /* SettingsViewController.swift */ = {isa = PBXFileReference; lastKnownFileType = sourcecode.swift; path = SettingsViewController.swift; sourceTree = "<group>"; };
/* End PBXFileReference section */

/* Begin PBXFrameworksBuildPhase section */
		1B74E08B2BC29D88004F5A52 /* Frameworks */ = {
			isa = PBXFrameworksBuildPhase;
			buildActionMask = 2147483647;
			files = (
				1B74E0B32BC2A0F9004F5A52 /* SnapKit in Frameworks */,
				1B74E0BC2BC2A4E3004F5A52 /* SpeedcheckerSDK in Frameworks */,
				1B74E0BA2BC2A4E3004F5A52 /* SpeedcheckerReportSDK in Frameworks */,
			);
			runOnlyForDeploymentPostprocessing = 0;
		};
/* End PBXFrameworksBuildPhase section */

/* Begin PBXGroup section */
		1B74E0852BC29D88004F5A52 = {
			isa = PBXGroup;
			children = (
				1B74E0902BC29D88004F5A52 /* InternetChecker */,
				1B74E08F2BC29D88004F5A52 /* Products */,
			);
			sourceTree = "<group>";
		};
		1B74E08F2BC29D88004F5A52 /* Products */ = {
			isa = PBXGroup;
			children = (
				1B74E08E2BC29D88004F5A52 /* InternetChecker.app */,
			);
			name = Products;
			sourceTree = "<group>";
		};
		1B74E0902BC29D88004F5A52 /* InternetChecker */ = {
			isa = PBXGroup;
			children = (
				1B74E0A52BC29ECE004F5A52 /* AppDelegates */,
				1B74E0A62BC29EDC004F5A52 /* StartApplication */,
				1B74E0A72BC29EEC004F5A52 /* MainApplication */,
				1B74E09A2BC29D89004F5A52 /* Assets.xcassets */,
				1B74E09F2BC29D89004F5A52 /* Info.plist */,
			);
			path = InternetChecker;
			sourceTree = "<group>";
		};
		1B74E0A52BC29ECE004F5A52 /* AppDelegates */ = {
			isa = PBXGroup;
			children = (
				1B74E0912BC29D88004F5A52 /* AppDelegate.swift */,
				1B74E0932BC29D88004F5A52 /* SceneDelegate.swift */,
			);
			path = AppDelegates;
			sourceTree = "<group>";
		};
		1B74E0A62BC29EDC004F5A52 /* StartApplication */ = {
			isa = PBXGroup;
			children = (
				1B74E09C2BC29D89004F5A52 /* LaunchScreen.storyboard */,
			);
			path = StartApplication;
			sourceTree = "<group>";
		};
		1B74E0A72BC29EEC004F5A52 /* MainApplication */ = {
			isa = PBXGroup;
			children = (
				1B74E0952BC29D88004F5A52 /* MainViewController.swift */,
				1B74E0AD2BC29F5A004F5A52 /* SettingsViewController.swift */,
			);
			path = MainApplication;
			sourceTree = "<group>";
		};
/* End PBXGroup section */

/* Begin PBXNativeTarget section */
		1B74E08D2BC29D88004F5A52 /* InternetChecker */ = {
			isa = PBXNativeTarget;
			buildConfigurationList = 1B74E0A22BC29D89004F5A52 /* Build configuration list for PBXNativeTarget "InternetChecker" */;
			buildPhases = (
				1B74E08A2BC29D88004F5A52 /* Sources */,
				1B74E08B2BC29D88004F5A52 /* Frameworks */,
				1B74E08C2BC29D88004F5A52 /* Resources */,
				1B74E0B72BC2A122004F5A52 /* Embed Frameworks */,
			);
			buildRules = (
			);
			dependencies = (
			);
			name = InternetChecker;
			packageProductDependencies = (
				1B74E0B22BC2A0F9004F5A52 /* SnapKit */,
				1B74E0B92BC2A4E3004F5A52 /* SpeedcheckerReportSDK */,
				1B74E0BB2BC2A4E3004F5A52 /* SpeedcheckerSDK */,
			);
			productName = InternetChecker;
			productReference = 1B74E08E2BC29D88004F5A52 /* InternetChecker.app */;
			productType = "com.apple.product-type.application";
		};
/* End PBXNativeTarget section */

/* Begin PBXProject section */
		1B74E0862BC29D88004F5A52 /* Project object */ = {
			isa = PBXProject;
			attributes = {
				BuildIndependentTargetsInParallel = 1;
				LastSwiftUpdateCheck = 1500;
				LastUpgradeCheck = 1500;
				TargetAttributes = {
					1B74E08D2BC29D88004F5A52 = {
						CreatedOnToolsVersion = 15.0.1;
					};
				};
			};
			buildConfigurationList = 1B74E0892BC29D88004F5A52 /* Build configuration list for PBXProject "InternetChecker" */;
			compatibilityVersion = "Xcode 14.0";
			developmentRegion = en;
			hasScannedForEncodings = 0;
			knownRegions = (
				en,
				Base,
			);
			mainGroup = 1B74E0852BC29D88004F5A52;
			packageReferences = (
				1B74E0B12BC2A0F9004F5A52 /* XCRemoteSwiftPackageReference "SnapKit" */,
				1B74E0B82BC2A4E3004F5A52 /* XCRemoteSwiftPackageReference "speedchecker-sdk-ios" */,
			);
			productRefGroup = 1B74E08F2BC29D88004F5A52 /* Products */;
			projectDirPath = "";
			projectRoot = "";
			targets = (
				1B74E08D2BC29D88004F5A52 /* InternetChecker */,
			);
		};
/* End PBXProject section */

/* Begin PBXResourcesBuildPhase section */
		1B74E08C2BC29D88004F5A52 /* Resources */ = {
			isa = PBXResourcesBuildPhase;
			buildActionMask = 2147483647;
			files = (
				1B74E09E2BC29D89004F5A52 /* LaunchScreen.storyboard in Resources */,
				1B74E09B2BC29D89004F5A52 /* Assets.xcassets in Resources */,
			);
			runOnlyForDeploymentPostprocessing = 0;
		};
/* End PBXResourcesBuildPhase section */

/* Begin PBXSourcesBuildPhase section */
		1B74E08A2BC29D88004F5A52 /* Sources */ = {
			isa = PBXSourcesBuildPhase;
			buildActionMask = 2147483647;
			files = (
				1B74E0962BC29D88004F5A52 /* MainViewController.swift in Sources */,
				1B74E0922BC29D88004F5A52 /* AppDelegate.swift in Sources */,
				1B74E0942BC29D88004F5A52 /* SceneDelegate.swift in Sources */,
				1B74E0AE2BC29F5A004F5A52 /* SettingsViewController.swift in Sources */,
			);
			runOnlyForDeploymentPostprocessing = 0;
		};
/* End PBXSourcesBuildPhase section */

/* Begin PBXVariantGroup section */
		1B74E09C2BC29D89004F5A52 /* LaunchScreen.storyboard */ = {
			isa = PBXVariantGroup;
			children = (
				1B74E09D2BC29D89004F5A52 /* Base */,
			);
			name = LaunchScreen.storyboard;
			sourceTree = "<group>";
		};
/* End PBXVariantGroup section */

/* Begin XCBuildConfiguration section */
		1B74E0A02BC29D89004F5A52 /* Debug */ = {
			isa = XCBuildConfiguration;
			buildSettings = {
				ALWAYS_SEARCH_USER_PATHS = NO;
				ASSETCATALOG_COMPILER_GENERATE_SWIFT_ASSET_SYMBOL_EXTENSIONS = YES;
				CLANG_ANALYZER_NONNULL = YES;
				CLANG_ANALYZER_NUMBER_OBJECT_CONVERSION = YES_AGGRESSIVE;
				CLANG_CXX_LANGUAGE_STANDARD = "gnu++20";
				CLANG_ENABLE_MODULES = YES;
				CLANG_ENABLE_OBJC_ARC = YES;
				CLANG_ENABLE_OBJC_WEAK = YES;
				CLANG_WARN_BLOCK_CAPTURE_AUTORELEASING = YES;
				CLANG_WARN_BOOL_CONVERSION = YES;
				CLANG_WARN_COMMA = YES;
				CLANG_WARN_CONSTANT_CONVERSION = YES;
				CLANG_WARN_DEPRECATED_OBJC_IMPLEMENTATIONS = YES;
				CLANG_WARN_DIRECT_OBJC_ISA_USAGE = YES_ERROR;
				CLANG_WARN_DOCUMENTATION_COMMENTS = YES;
				CLANG_WARN_EMPTY_BODY = YES;
				CLANG_WARN_ENUM_CONVERSION = YES;
				CLANG_WARN_INFINITE_RECURSION = YES;
				CLANG_WARN_INT_CONVERSION = YES;
				CLANG_WARN_NON_LITERAL_NULL_CONVERSION = YES;
				CLANG_WARN_OBJC_IMPLICIT_RETAIN_SELF = YES;
				CLANG_WARN_OBJC_LITERAL_CONVERSION = YES;
				CLANG_WARN_OBJC_ROOT_CLASS = YES_ERROR;
				CLANG_WARN_QUOTED_INCLUDE_IN_FRAMEWORK_HEADER = YES;
				CLANG_WARN_RANGE_LOOP_ANALYSIS = YES;
				CLANG_WARN_STRICT_PROTOTYPES = YES;
				CLANG_WARN_SUSPICIOUS_MOVE = YES;
				CLANG_WARN_UNGUARDED_AVAILABILITY = YES_AGGRESSIVE;
				CLANG_WARN_UNREACHABLE_CODE = YES;
				CLANG_WARN__DUPLICATE_METHOD_MATCH = YES;
				COPY_PHASE_STRIP = NO;
				DEBUG_INFORMATION_FORMAT = dwarf;
				ENABLE_STRICT_OBJC_MSGSEND = YES;
				ENABLE_TESTABILITY = YES;
				ENABLE_USER_SCRIPT_SANDBOXING = YES;
				GCC_C_LANGUAGE_STANDARD = gnu17;
				GCC_DYNAMIC_NO_PIC = NO;
				GCC_NO_COMMON_BLOCKS = YES;
				GCC_OPTIMIZATION_LEVEL = 0;
				GCC_PREPROCESSOR_DEFINITIONS = (
					"DEBUG=1",
					"$(inherited)",
				);
				GCC_WARN_64_TO_32_BIT_CONVERSION = YES;
				GCC_WARN_ABOUT_RETURN_TYPE = YES_ERROR;
				GCC_WARN_UNDECLARED_SELECTOR = YES;
				GCC_WARN_UNINITIALIZED_AUTOS = YES_AGGRESSIVE;
				GCC_WARN_UNUSED_FUNCTION = YES;
				GCC_WARN_UNUSED_VARIABLE = YES;
				IPHONEOS_DEPLOYMENT_TARGET = 17.0;
				LOCALIZATION_PREFERS_STRING_CATALOGS = YES;
				MTL_ENABLE_DEBUG_INFO = INCLUDE_SOURCE;
				MTL_FAST_MATH = YES;
				ONLY_ACTIVE_ARCH = YES;
				SDKROOT = iphoneos;
				SWIFT_ACTIVE_COMPILATION_CONDITIONS = "DEBUG $(inherited)";
				SWIFT_OPTIMIZATION_LEVEL = "-Onone";
			};
			name = Debug;
		};
		1B74E0A12BC29D89004F5A52 /* Release */ = {
			isa = XCBuildConfiguration;
			buildSettings = {
				ALWAYS_SEARCH_USER_PATHS = NO;
				ASSETCATALOG_COMPILER_GENERATE_SWIFT_ASSET_SYMBOL_EXTENSIONS = YES;
				CLANG_ANALYZER_NONNULL = YES;
				CLANG_ANALYZER_NUMBER_OBJECT_CONVERSION = YES_AGGRESSIVE;
				CLANG_CXX_LANGUAGE_STANDARD = "gnu++20";
				CLANG_ENABLE_MODULES = YES;
				CLANG_ENABLE_OBJC_ARC = YES;
				CLANG_ENABLE_OBJC_WEAK = YES;
				CLANG_WARN_BLOCK_CAPTURE_AUTORELEASING = YES;
				CLANG_WARN_BOOL_CONVERSION = YES;
				CLANG_WARN_COMMA = YES;
				CLANG_WARN_CONSTANT_CONVERSION = YES;
				CLANG_WARN_DEPRECATED_OBJC_IMPLEMENTATIONS = YES;
				CLANG_WARN_DIRECT_OBJC_ISA_USAGE = YES_ERROR;
				CLANG_WARN_DOCUMENTATION_COMMENTS = YES;
				CLANG_WARN_EMPTY_BODY = YES;
				CLANG_WARN_ENUM_CONVERSION = YES;
				CLANG_WARN_INFINITE_RECURSION = YES;
				CLANG_WARN_INT_CONVERSION = YES;
				CLANG_WARN_NON_LITERAL_NULL_CONVERSION = YES;
				CLANG_WARN_OBJC_IMPLICIT_RETAIN_SELF = YES;
				CLANG_WARN_OBJC_LITERAL_CONVERSION = YES;
				CLANG_WARN_OBJC_ROOT_CLASS = YES_ERROR;
				CLANG_WARN_QUOTED_INCLUDE_IN_FRAMEWORK_HEADER = YES;
				CLANG_WARN_RANGE_LOOP_ANALYSIS = YES;
				CLANG_WARN_STRICT_PROTOTYPES = YES;
				CLANG_WARN_SUSPICIOUS_MOVE = YES;
				CLANG_WARN_UNGUARDED_AVAILABILITY = YES_AGGRESSIVE;
				CLANG_WARN_UNREACHABLE_CODE = YES;
				CLANG_WARN__DUPLICATE_METHOD_MATCH = YES;
				COPY_PHASE_STRIP = NO;
				DEBUG_INFORMATION_FORMAT = "dwarf-with-dsym";
				ENABLE_NS_ASSERTIONS = NO;
				ENABLE_STRICT_OBJC_MSGSEND = YES;
				ENABLE_USER_SCRIPT_SANDBOXING = YES;
				GCC_C_LANGUAGE_STANDARD = gnu17;
				GCC_NO_COMMON_BLOCKS = YES;
				GCC_WARN_64_TO_32_BIT_CONVERSION = YES;
				GCC_WARN_ABOUT_RETURN_TYPE = YES_ERROR;
				GCC_WARN_UNDECLARED_SELECTOR = YES;
				GCC_WARN_UNINITIALIZED_AUTOS = YES_AGGRESSIVE;
				GCC_WARN_UNUSED_FUNCTION = YES;
				GCC_WARN_UNUSED_VARIABLE = YES;
				IPHONEOS_DEPLOYMENT_TARGET = 17.0;
				LOCALIZATION_PREFERS_STRING_CATALOGS = YES;
				MTL_ENABLE_DEBUG_INFO = NO;
				MTL_FAST_MATH = YES;
				SDKROOT = iphoneos;
				SWIFT_COMPILATION_MODE = wholemodule;
				VALIDATE_PRODUCT = YES;
			};
			name = Release;
		};
		1B74E0A32BC29D89004F5A52 /* Debug */ = {
			isa = XCBuildConfiguration;
			buildSettings = {
				ASSETCATALOG_COMPILER_APPICON_NAME = AppIcon;
				ASSETCATALOG_COMPILER_GLOBAL_ACCENT_COLOR_NAME = AccentColor;
				CODE_SIGN_STYLE = Automatic;
				CURRENT_PROJECT_VERSION = 1;
				DEVELOPMENT_TEAM = YX6DWV484Z;
				GENERATE_INFOPLIST_FILE = YES;
				INFOPLIST_FILE = InternetChecker/Info.plist;
				INFOPLIST_KEY_UIApplicationSupportsIndirectInputEvents = YES;
				INFOPLIST_KEY_UILaunchStoryboardName = LaunchScreen.storyboard;
				INFOPLIST_KEY_UISupportedInterfaceOrientations = UIInterfaceOrientationPortrait;
				LD_RUNPATH_SEARCH_PATHS = (
					"$(inherited)",
					"@executable_path/Frameworks",
				);
				MARKETING_VERSION = 1.0;
				PRODUCT_BUNDLE_IDENTIFIER = Tarakin.InternetChecker;
				PRODUCT_NAME = "$(TARGET_NAME)";
				SWIFT_EMIT_LOC_STRINGS = YES;
				SWIFT_VERSION = 5.0;
				TARGETED_DEVICE_FAMILY = "1,2";
			};
			name = Debug;
		};
		1B74E0A42BC29D89004F5A52 /* Release */ = {
			isa = XCBuildConfiguration;
			buildSettings = {
				ASSETCATALOG_COMPILER_APPICON_NAME = AppIcon;
				ASSETCATALOG_COMPILER_GLOBAL_ACCENT_COLOR_NAME = AccentColor;
				CODE_SIGN_STYLE = Automatic;
				CURRENT_PROJECT_VERSION = 1;
				DEVELOPMENT_TEAM = YX6DWV484Z;
				GENERATE_INFOPLIST_FILE = YES;
				INFOPLIST_FILE = InternetChecker/Info.plist;
				INFOPLIST_KEY_UIApplicationSupportsIndirectInputEvents = YES;
				INFOPLIST_KEY_UILaunchStoryboardName = LaunchScreen.storyboard;
				INFOPLIST_KEY_UISupportedInterfaceOrientations = UIInterfaceOrientationPortrait;
				LD_RUNPATH_SEARCH_PATHS = (
					"$(inherited)",
					"@executable_path/Frameworks",
				);
				MARKETING_VERSION = 1.0;
				PRODUCT_BUNDLE_IDENTIFIER = Tarakin.InternetChecker;
				PRODUCT_NAME = "$(TARGET_NAME)";
				SWIFT_EMIT_LOC_STRINGS = YES;
				SWIFT_VERSION = 5.0;
				TARGETED_DEVICE_FAMILY = "1,2";
			};
			name = Release;
		};
/* End XCBuildConfiguration section */

/* Begin XCConfigurationList section */
		1B74E0892BC29D88004F5A52 /* Build configuration list for PBXProject "InternetChecker" */ = {
			isa = XCConfigurationList;
			buildConfigurations = (
				1B74E0A02BC29D89004F5A52 /* Debug */,
				1B74E0A12BC29D89004F5A52 /* Release */,
			);
			defaultConfigurationIsVisible = 0;
			defaultConfigurationName = Release;
		};
		1B74E0A22BC29D89004F5A52 /* Build configuration list for PBXNativeTarget "InternetChecker" */ = {
			isa = XCConfigurationList;
			buildConfigurations = (
				1B74E0A32BC29D89004F5A52 /* Debug */,
				1B74E0A42BC29D89004F5A52 /* Release */,
			);
			defaultConfigurationIsVisible = 0;
			defaultConfigurationName = Release;
		};
/* End XCConfigurationList section */

/* Begin XCRemoteSwiftPackageReference section */
		1B74E0B12BC2A0F9004F5A52 /* XCRemoteSwiftPackageReference "SnapKit" */ = {
			isa = XCRemoteSwiftPackageReference;
			repositoryURL = "https://github.com/SnapKit/SnapKit";
			requirement = {
				kind = upToNextMajorVersion;
				minimumVersion = 5.7.1;
			};
		};
		1B74E0B82BC2A4E3004F5A52 /* XCRemoteSwiftPackageReference "speedchecker-sdk-ios" */ = {
			isa = XCRemoteSwiftPackageReference;
			repositoryURL = "https://github.com/speedchecker/speedchecker-sdk-ios";
			requirement = {
				kind = upToNextMajorVersion;
				minimumVersion = 2.0.3;
			};
		};
/* End XCRemoteSwiftPackageReference section */

/* Begin XCSwiftPackageProductDependency section */
		1B74E0B22BC2A0F9004F5A52 /* SnapKit */ = {
			isa = XCSwiftPackageProductDependency;
			package = 1B74E0B12BC2A0F9004F5A52 /* XCRemoteSwiftPackageReference "SnapKit" */;
			productName = SnapKit;
		};
		1B74E0B92BC2A4E3004F5A52 /* SpeedcheckerReportSDK */ = {
			isa = XCSwiftPackageProductDependency;
			package = 1B74E0B82BC2A4E3004F5A52 /* XCRemoteSwiftPackageReference "speedchecker-sdk-ios" */;
			productName = SpeedcheckerReportSDK;
		};
		1B74E0BB2BC2A4E3004F5A52 /* SpeedcheckerSDK */ = {
			isa = XCSwiftPackageProductDependency;
			package = 1B74E0B82BC2A4E3004F5A52 /* XCRemoteSwiftPackageReference "speedchecker-sdk-ios" */;
			productName = SpeedcheckerSDK;
		};
/* End XCSwiftPackageProductDependency section */
	};
	rootObject = 1B74E0862BC29D88004F5A52 /* Project object */;
}
